{
  "name": "update-mod-asm",
  "version": "0.0.0",
  "lockfileVersion": 1,
  "requires": true,
  "dependencies": {
    "regex-combiner": {
      "version": "1.0.1",
      "resolved": "https://registry.npmjs.org/regex-combiner/-/regex-combiner-1.0.1.tgz",
      "integrity": "sha1-L1XQrEoaxHEVMgfK3ejh4rifqxg="
    }
  }
}
